// !$*UTF8*$!
{
	archiveVersion = 1;
	classes = {
	};
	objectVersion = 46;
	objects = {

/* Begin PBXBuildFile section */
		5F26AD1F202C274E00D713AD /* gdata.c in Sources */ = {isa = PBXBuildFile; fileRef = 5F26AD1E202C274E00D713AD /* gdata.c */; };
		5F73F3EB20AD87650086F3DD /* gphone_ring.caf in Resources */ = {isa = PBXBuildFile; fileRef = 5F73F3EA20AD87650086F3DD /* gphone_ring.caf */; };
		5F73F3EE20B008670086F3DD /* PushkitManager.m in Sources */ = {isa = PBXBuildFile; fileRef = 5F73F3ED20B008670086F3DD /* PushkitManager.m */; };
		5F73F3F120B018840086F3DD /* NotificationManager.m in Sources */ = {isa = PBXBuildFile; fileRef = 5F73F3F020B018840086F3DD /* NotificationManager.m */; };
		5F9D80E81F4AE23400BC29A5 /* main.m in Sources */ = {isa = PBXBuildFile; fileRef = 5F9D80E71F4AE23400BC29A5 /* main.m */; };
		5F9D80EB1F4AE23400BC29A5 /* AppDelegate.m in Sources */ = {isa = PBXBuildFile; fileRef = 5F9D80EA1F4AE23400BC29A5 /* AppDelegate.m */; };
		5F9D80EE1F4AE23400BC29A5 /* ViewController.m in Sources */ = {isa = PBXBuildFile; fileRef = 5F9D80ED1F4AE23400BC29A5 /* ViewController.m */; };
		5F9D80F11F4AE23400BC29A5 /* Main.storyboard in Resources */ = {isa = PBXBuildFile; fileRef = 5F9D80EF1F4AE23400BC29A5 /* Main.storyboard */; };
		5F9D80F31F4AE23400BC29A5 /* Assets.xcassets in Resources */ = {isa = PBXBuildFile; fileRef = 5F9D80F21F4AE23400BC29A5 /* Assets.xcassets */; };
		5F9D80F61F4AE23400BC29A5 /* LaunchScreen.storyboard in Resources */ = {isa = PBXBuildFile; fileRef = 5F9D80F41F4AE23400BC29A5 /* LaunchScreen.storyboard */; };
		5F9D81011F4AE23400BC29A5 /* gphoneTests.m in Sources */ = {isa = PBXBuildFile; fileRef = 5F9D81001F4AE23400BC29A5 /* gphoneTests.m */; };
		5F9D810D1F4AE2F700BC29A5 /* AVFoundation.framework in Frameworks */ = {isa = PBXBuildFile; fileRef = 5F9D810C1F4AE2F700BC29A5 /* AVFoundation.framework */; };
		5F9D810F1F4AE2FB00BC29A5 /* AudioToolbox.framework in Frameworks */ = {isa = PBXBuildFile; fileRef = 5F9D810E1F4AE2FB00BC29A5 /* AudioToolbox.framework */; };
		5FAD14F41FE0CBE900C3C678 /* libgalaxy7.a in Frameworks */ = {isa = PBXBuildFile; fileRef = 5FAD14F31FE0CBE900C3C678 /* libgalaxy7.a */; };
		5FD6A6AB1FA089FF005F0DA8 /* libgalaxy25.a in Frameworks */ = {isa = PBXBuildFile; fileRef = 5FD6A69E1FA089FE005F0DA8 /* libgalaxy25.a */; };
		5FD6A6AC1FA089FF005F0DA8 /* libgalaxy55.a in Frameworks */ = {isa = PBXBuildFile; fileRef = 5FD6A69F1FA089FE005F0DA8 /* libgalaxy55.a */; };
		5FD6A6AE1FA089FF005F0DA8 /* libgalaxy22.a in Frameworks */ = {isa = PBXBuildFile; fileRef = 5FD6A6A11FA089FE005F0DA8 /* libgalaxy22.a */; };
		5FD6A6AF1FA089FF005F0DA8 /* libgalaxy51.a in Frameworks */ = {isa = PBXBuildFile; fileRef = 5FD6A6A21FA089FE005F0DA8 /* libgalaxy51.a */; };
		5FD6A6B01FA089FF005F0DA8 /* libgalaxy4.a in Frameworks */ = {isa = PBXBuildFile; fileRef = 5FD6A6A31FA089FE005F0DA8 /* libgalaxy4.a */; };
		5FD6A6B11FA089FF005F0DA8 /* libgalaxy3.a in Frameworks */ = {isa = PBXBuildFile; fileRef = 5FD6A6A41FA089FE005F0DA8 /* libgalaxy3.a */; };
		5FD6A6B21FA089FF005F0DA8 /* libgalaxy23.a in Frameworks */ = {isa = PBXBuildFile; fileRef = 5FD6A6A51FA089FE005F0DA8 /* libgalaxy23.a */; };
		5FD6A6B41FA089FF005F0DA8 /* libgalaxy1.a in Frameworks */ = {isa = PBXBuildFile; fileRef = 5FD6A6A71FA089FE005F0DA8 /* libgalaxy1.a */; };
		5FD6A6B51FA089FF005F0DA8 /* libgalaxy21.a in Frameworks */ = {isa = PBXBuildFile; fileRef = 5FD6A6A81FA089FE005F0DA8 /* libgalaxy21.a */; };
		5FD6A6B61FA089FF005F0DA8 /* libgalaxy6.a in Frameworks */ = {isa = PBXBuildFile; fileRef = 5FD6A6A91FA089FE005F0DA8 /* libgalaxy6.a */; };
		5FD6A6B71FA089FF005F0DA8 /* libgalaxy24.a in Frameworks */ = {isa = PBXBuildFile; fileRef = 5FD6A6AA1FA089FE005F0DA8 /* libgalaxy24.a */; };
		5FD9F3EA1FE7A960004A7797 /* CallKit.framework in Frameworks */ = {isa = PBXBuildFile; fileRef = 5FD9F3E91FE7A960004A7797 /* CallKit.framework */; };
		5FD9F3EB1FE7A970004A7797 /* PushKit.framework in Frameworks */ = {isa = PBXBuildFile; fileRef = 5F65B58A1F7E654D005CDC40 /* PushKit.framework */; };
/* End PBXBuildFile section */

/* Begin PBXContainerItemProxy section */
		5F9D80FD1F4AE23400BC29A5 /* PBXContainerItemProxy */ = {
			isa = PBXContainerItemProxy;
			containerPortal = 5F9D80DB1F4AE23400BC29A5 /* Project object */;
			proxyType = 1;
			remoteGlobalIDString = 5F9D80E21F4AE23400BC29A5;
			remoteInfo = gphone;
		};
/* End PBXContainerItemProxy section */

/* Begin PBXFileReference section */
		5F26AD1D202C274E00D713AD /* gdata.h */ = {isa = PBXFileReference; fileEncoding = 4; lastKnownFileType = sourcecode.c.h; path = gdata.h; sourceTree = "<group>"; };
		5F26AD1E202C274E00D713AD /* gdata.c */ = {isa = PBXFileReference; fileEncoding = 4; lastKnownFileType = sourcecode.c.c; path = gdata.c; sourceTree = "<group>"; };
		5F65B58A1F7E654D005CDC40 /* PushKit.framework */ = {isa = PBXFileReference; lastKnownFileType = wrapper.framework; name = PushKit.framework; path = System/Library/Frameworks/PushKit.framework; sourceTree = SDKROOT; };
		5F73F3EA20AD87650086F3DD /* gphone_ring.caf */ = {isa = PBXFileReference; lastKnownFileType = file; path = gphone_ring.caf; sourceTree = "<group>"; };
		5F73F3EC20B008670086F3DD /* PushkitManager.h */ = {isa = PBXFileReference; fileEncoding = 4; lastKnownFileType = sourcecode.c.h; path = PushkitManager.h; sourceTree = "<group>"; };
		5F73F3ED20B008670086F3DD /* PushkitManager.m */ = {isa = PBXFileReference; fileEncoding = 4; lastKnownFileType = sourcecode.c.objc; path = PushkitManager.m; sourceTree = "<group>"; };
		5F73F3EF20B018840086F3DD /* NotificationManager.h */ = {isa = PBXFileReference; fileEncoding = 4; lastKnownFileType = sourcecode.c.h; path = NotificationManager.h; sourceTree = "<group>"; };
		5F73F3F020B018840086F3DD /* NotificationManager.m */ = {isa = PBXFileReference; fileEncoding = 4; lastKnownFileType = sourcecode.c.objc; path = NotificationManager.m; sourceTree = "<group>"; };
		5F9D80E31F4AE23400BC29A5 /* gphone.app */ = {isa = PBXFileReference; explicitFileType = wrapper.application; includeInIndex = 0; path = gphone.app; sourceTree = BUILT_PRODUCTS_DIR; };
		5F9D80E71F4AE23400BC29A5 /* main.m */ = {isa = PBXFileReference; lastKnownFileType = sourcecode.c.objc; path = main.m; sourceTree = "<group>"; };
		5F9D80E91F4AE23400BC29A5 /* AppDelegate.h */ = {isa = PBXFileReference; lastKnownFileType = sourcecode.c.h; path = AppDelegate.h; sourceTree = "<group>"; };
		5F9D80EA1F4AE23400BC29A5 /* AppDelegate.m */ = {isa = PBXFileReference; lastKnownFileType = sourcecode.c.objc; path = AppDelegate.m; sourceTree = "<group>"; };
		5F9D80EC1F4AE23400BC29A5 /* ViewController.h */ = {isa = PBXFileReference; lastKnownFileType = sourcecode.c.h; path = ViewController.h; sourceTree = "<group>"; };
		5F9D80ED1F4AE23400BC29A5 /* ViewController.m */ = {isa = PBXFileReference; lastKnownFileType = sourcecode.c.objc; path = ViewController.m; sourceTree = "<group>"; };
		5F9D80F01F4AE23400BC29A5 /* Base */ = {isa = PBXFileReference; lastKnownFileType = file.storyboard; name = Base; path = Base.lproj/Main.storyboard; sourceTree = "<group>"; };
		5F9D80F21F4AE23400BC29A5 /* Assets.xcassets */ = {isa = PBXFileReference; lastKnownFileType = folder.assetcatalog; path = Assets.xcassets; sourceTree = "<group>"; };
		5F9D80F51F4AE23400BC29A5 /* Base */ = {isa = PBXFileReference; lastKnownFileType = file.storyboard; name = Base; path = Base.lproj/LaunchScreen.storyboard; sourceTree = "<group>"; };
		5F9D80F71F4AE23400BC29A5 /* Info.plist */ = {isa = PBXFileReference; lastKnownFileType = text.plist.xml; path = Info.plist; sourceTree = "<group>"; };
		5F9D80FC1F4AE23400BC29A5 /* gphoneTests.xctest */ = {isa = PBXFileReference; explicitFileType = wrapper.cfbundle; includeInIndex = 0; path = gphoneTests.xctest; sourceTree = BUILT_PRODUCTS_DIR; };
		5F9D81001F4AE23400BC29A5 /* gphoneTests.m */ = {isa = PBXFileReference; lastKnownFileType = sourcecode.c.objc; path = gphoneTests.m; sourceTree = "<group>"; };
		5F9D81021F4AE23400BC29A5 /* Info.plist */ = {isa = PBXFileReference; lastKnownFileType = text.plist.xml; path = Info.plist; sourceTree = "<group>"; };
		5F9D810C1F4AE2F700BC29A5 /* AVFoundation.framework */ = {isa = PBXFileReference; lastKnownFileType = wrapper.framework; name = AVFoundation.framework; path = System/Library/Frameworks/AVFoundation.framework; sourceTree = SDKROOT; };
		5F9D810E1F4AE2FB00BC29A5 /* AudioToolbox.framework */ = {isa = PBXFileReference; lastKnownFileType = wrapper.framework; name = AudioToolbox.framework; path = System/Library/Frameworks/AudioToolbox.framework; sourceTree = SDKROOT; };
		5FAD14F31FE0CBE900C3C678 /* libgalaxy7.a */ = {isa = PBXFileReference; lastKnownFileType = archive.ar; name = libgalaxy7.a; path = ../lib/libgalaxy7.a; sourceTree = "<group>"; };
		5FAD150D1FE3A4B900C3C678 /* gphone.entitlements */ = {isa = PBXFileReference; lastKnownFileType = text.plist.entitlements; path = gphone.entitlements; sourceTree = "<group>"; };
		5FD6A69E1FA089FE005F0DA8 /* libgalaxy25.a */ = {isa = PBXFileReference; lastKnownFileType = archive.ar; name = libgalaxy25.a; path = ../lib/libgalaxy25.a; sourceTree = "<group>"; };
		5FD6A69F1FA089FE005F0DA8 /* libgalaxy55.a */ = {isa = PBXFileReference; lastKnownFileType = archive.ar; name = libgalaxy55.a; path = ../lib/libgalaxy55.a; sourceTree = "<group>"; };
		5FD6A6A11FA089FE005F0DA8 /* libgalaxy22.a */ = {isa = PBXFileReference; lastKnownFileType = archive.ar; name = libgalaxy22.a; path = ../lib/libgalaxy22.a; sourceTree = "<group>"; };
		5FD6A6A21FA089FE005F0DA8 /* libgalaxy51.a */ = {isa = PBXFileReference; lastKnownFileType = archive.ar; name = libgalaxy51.a; path = ../lib/libgalaxy51.a; sourceTree = "<group>"; };
		5FD6A6A31FA089FE005F0DA8 /* libgalaxy4.a */ = {isa = PBXFileReference; lastKnownFileType = archive.ar; name = libgalaxy4.a; path = ../lib/libgalaxy4.a; sourceTree = "<group>"; };
		5FD6A6A41FA089FE005F0DA8 /* libgalaxy3.a */ = {isa = PBXFileReference; lastKnownFileType = archive.ar; name = libgalaxy3.a; path = ../lib/libgalaxy3.a; sourceTree = "<group>"; };
		5FD6A6A51FA089FE005F0DA8 /* libgalaxy23.a */ = {isa = PBXFileReference; lastKnownFileType = archive.ar; name = libgalaxy23.a; path = ../lib/libgalaxy23.a; sourceTree = "<group>"; };
		5FD6A6A71FA089FE005F0DA8 /* libgalaxy1.a */ = {isa = PBXFileReference; lastKnownFileType = archive.ar; name = libgalaxy1.a; path = ../lib/libgalaxy1.a; sourceTree = "<group>"; };
		5FD6A6A81FA089FE005F0DA8 /* libgalaxy21.a */ = {isa = PBXFileReference; lastKnownFileType = archive.ar; name = libgalaxy21.a; path = ../lib/libgalaxy21.a; sourceTree = "<group>"; };
		5FD6A6A91FA089FE005F0DA8 /* libgalaxy6.a */ = {isa = PBXFileReference; lastKnownFileType = archive.ar; name = libgalaxy6.a; path = ../lib/libgalaxy6.a; sourceTree = "<group>"; };
		5FD6A6AA1FA089FE005F0DA8 /* libgalaxy24.a */ = {isa = PBXFileReference; lastKnownFileType = archive.ar; name = libgalaxy24.a; path = ../lib/libgalaxy24.a; sourceTree = "<group>"; };
		5FD9F3E91FE7A960004A7797 /* CallKit.framework */ = {isa = PBXFileReference; lastKnownFileType = wrapper.framework; name = CallKit.framework; path = System/Library/Frameworks/CallKit.framework; sourceTree = SDKROOT; };
/* End PBXFileReference section */

/* Begin PBXFrameworksBuildPhase section */
		5F9D80E01F4AE23400BC29A5 /* Frameworks */ = {
			isa = PBXFrameworksBuildPhase;
			buildActionMask = 2147483647;
			files = (
				5FD9F3EB1FE7A970004A7797 /* PushKit.framework in Frameworks */,
				5FD9F3EA1FE7A960004A7797 /* CallKit.framework in Frameworks */,
				5FAD14F41FE0CBE900C3C678 /* libgalaxy7.a in Frameworks */,
				5FD6A6AB1FA089FF005F0DA8 /* libgalaxy25.a in Frameworks */,
				5FD6A6AC1FA089FF005F0DA8 /* libgalaxy55.a in Frameworks */,
				5FD6A6AE1FA089FF005F0DA8 /* libgalaxy22.a in Frameworks */,
				5FD6A6AF1FA089FF005F0DA8 /* libgalaxy51.a in Frameworks */,
				5FD6A6B01FA089FF005F0DA8 /* libgalaxy4.a in Frameworks */,
				5FD6A6B11FA089FF005F0DA8 /* libgalaxy3.a in Frameworks */,
				5FD6A6B21FA089FF005F0DA8 /* libgalaxy23.a in Frameworks */,
				5FD6A6B41FA089FF005F0DA8 /* libgalaxy1.a in Frameworks */,
				5FD6A6B51FA089FF005F0DA8 /* libgalaxy21.a in Frameworks */,
				5FD6A6B61FA089FF005F0DA8 /* libgalaxy6.a in Frameworks */,
				5FD6A6B71FA089FF005F0DA8 /* libgalaxy24.a in Frameworks */,
				5F9D810F1F4AE2FB00BC29A5 /* AudioToolbox.framework in Frameworks */,
				5F9D810D1F4AE2F700BC29A5 /* AVFoundation.framework in Frameworks */,
			);
			runOnlyForDeploymentPostprocessing = 0;
		};
		5F9D80F91F4AE23400BC29A5 /* Frameworks */ = {
			isa = PBXFrameworksBuildPhase;
			buildActionMask = 2147483647;
			files = (
			);
			runOnlyForDeploymentPostprocessing = 0;
		};
/* End PBXFrameworksBuildPhase section */

/* Begin PBXGroup section */
		5F9D80DA1F4AE23400BC29A5 = {
			isa = PBXGroup;
			children = (
				5F9D80E51F4AE23400BC29A5 /* gphone */,
				5F9D80FF1F4AE23400BC29A5 /* gphoneTests */,
				5F9D80E41F4AE23400BC29A5 /* Products */,
				5F9D810B1F4AE2F700BC29A5 /* Frameworks */,
			);
			sourceTree = "<group>";
		};
		5F9D80E41F4AE23400BC29A5 /* Products */ = {
			isa = PBXGroup;
			children = (
				5F9D80E31F4AE23400BC29A5 /* gphone.app */,
				5F9D80FC1F4AE23400BC29A5 /* gphoneTests.xctest */,
			);
			name = Products;
			sourceTree = "<group>";
		};
		5F9D80E51F4AE23400BC29A5 /* gphone */ = {
			isa = PBXGroup;
			children = (
				5F73F3EF20B018840086F3DD /* NotificationManager.h */,
				5F73F3F020B018840086F3DD /* NotificationManager.m */,
				5F73F3EC20B008670086F3DD /* PushkitManager.h */,
				5F73F3ED20B008670086F3DD /* PushkitManager.m */,
				5F73F3EA20AD87650086F3DD /* gphone_ring.caf */,
				5F26AD1E202C274E00D713AD /* gdata.c */,
				5F26AD1D202C274E00D713AD /* gdata.h */,
				5FAD150D1FE3A4B900C3C678 /* gphone.entitlements */,
				5F9D80E91F4AE23400BC29A5 /* AppDelegate.h */,
				5F9D80EA1F4AE23400BC29A5 /* AppDelegate.m */,
				5F9D80EC1F4AE23400BC29A5 /* ViewController.h */,
				5F9D80ED1F4AE23400BC29A5 /* ViewController.m */,
				5F9D80EF1F4AE23400BC29A5 /* Main.storyboard */,
				5F9D80F21F4AE23400BC29A5 /* Assets.xcassets */,
				5F9D80F41F4AE23400BC29A5 /* LaunchScreen.storyboard */,
				5F9D80F71F4AE23400BC29A5 /* Info.plist */,
				5F9D80E61F4AE23400BC29A5 /* Supporting Files */,
			);
			path = gphone;
			sourceTree = "<group>";
		};
		5F9D80E61F4AE23400BC29A5 /* Supporting Files */ = {
			isa = PBXGroup;
			children = (
				5F9D80E71F4AE23400BC29A5 /* main.m */,
			);
			name = "Supporting Files";
			sourceTree = "<group>";
		};
		5F9D80FF1F4AE23400BC29A5 /* gphoneTests */ = {
			isa = PBXGroup;
			children = (
				5F9D81001F4AE23400BC29A5 /* gphoneTests.m */,
				5F9D81021F4AE23400BC29A5 /* Info.plist */,
			);
			path = gphoneTests;
			sourceTree = "<group>";
		};
		5F9D810B1F4AE2F700BC29A5 /* Frameworks */ = {
			isa = PBXGroup;
			children = (
				5FD9F3E91FE7A960004A7797 /* CallKit.framework */,
				5FAD14F31FE0CBE900C3C678 /* libgalaxy7.a */,
				5FD6A6A71FA089FE005F0DA8 /* libgalaxy1.a */,
				5FD6A6A41FA089FE005F0DA8 /* libgalaxy3.a */,
				5FD6A6A31FA089FE005F0DA8 /* libgalaxy4.a */,
				5FD6A6A91FA089FE005F0DA8 /* libgalaxy6.a */,
				5FD6A6A81FA089FE005F0DA8 /* libgalaxy21.a */,
				5FD6A6A11FA089FE005F0DA8 /* libgalaxy22.a */,
				5FD6A6A51FA089FE005F0DA8 /* libgalaxy23.a */,
				5FD6A6AA1FA089FE005F0DA8 /* libgalaxy24.a */,
				5FD6A69E1FA089FE005F0DA8 /* libgalaxy25.a */,
				5FD6A6A21FA089FE005F0DA8 /* libgalaxy51.a */,
				5FD6A69F1FA089FE005F0DA8 /* libgalaxy55.a */,
				5F65B58A1F7E654D005CDC40 /* PushKit.framework */,
				5F9D810E1F4AE2FB00BC29A5 /* AudioToolbox.framework */,
				5F9D810C1F4AE2F700BC29A5 /* AVFoundation.framework */,
			);
			name = Frameworks;
			sourceTree = "<group>";
		};
/* End PBXGroup section */

/* Begin PBXNativeTarget section */
		5F9D80E21F4AE23400BC29A5 /* gphone */ = {
			isa = PBXNativeTarget;
			buildConfigurationList = 5F9D81051F4AE23400BC29A5 /* Build configuration list for PBXNativeTarget "gphone" */;
			buildPhases = (
				5F9D80DF1F4AE23400BC29A5 /* Sources */,
				5F9D80E01F4AE23400BC29A5 /* Frameworks */,
				5F9D80E11F4AE23400BC29A5 /* Resources */,
			);
			buildRules = (
			);
			dependencies = (
			);
			name = gphone;
			productName = gphone;
			productReference = 5F9D80E31F4AE23400BC29A5 /* gphone.app */;
			productType = "com.apple.product-type.application";
		};
		5F9D80FB1F4AE23400BC29A5 /* gphoneTests */ = {
			isa = PBXNativeTarget;
			buildConfigurationList = 5F9D81081F4AE23400BC29A5 /* Build configuration list for PBXNativeTarget "gphoneTests" */;
			buildPhases = (
				5F9D80F81F4AE23400BC29A5 /* Sources */,
				5F9D80F91F4AE23400BC29A5 /* Frameworks */,
				5F9D80FA1F4AE23400BC29A5 /* Resources */,
			);
			buildRules = (
			);
			dependencies = (
				5F9D80FE1F4AE23400BC29A5 /* PBXTargetDependency */,
			);
			name = gphoneTests;
			productName = gphoneTests;
			productReference = 5F9D80FC1F4AE23400BC29A5 /* gphoneTests.xctest */;
			productType = "com.apple.product-type.bundle.unit-test";
		};
/* End PBXNativeTarget section */

/* Begin PBXProject section */
		5F9D80DB1F4AE23400BC29A5 /* Project object */ = {
			isa = PBXProject;
			attributes = {
				LastUpgradeCheck = 0920;
				ORGANIZATIONNAME = lixs;
				TargetAttributes = {
					5F9D80E21F4AE23400BC29A5 = {
						CreatedOnToolsVersion = 8.3.3;
						DevelopmentTeam = XF28H54YS2;
						ProvisioningStyle = Automatic;
						SystemCapabilities = {
							com.apple.BackgroundModes = {
								enabled = 1;
							};
							com.apple.Push = {
								enabled = 1;
							};
						};
					};
					5F9D80FB1F4AE23400BC29A5 = {
						CreatedOnToolsVersion = 8.3.3;
						ProvisioningStyle = Automatic;
						TestTargetID = 5F9D80E21F4AE23400BC29A5;
					};
				};
			};
			buildConfigurationList = 5F9D80DE1F4AE23400BC29A5 /* Build configuration list for PBXProject "gphone" */;
			compatibilityVersion = "Xcode 3.2";
			developmentRegion = English;
			hasScannedForEncodings = 0;
			knownRegions = (
				en,
				Base,
			);
			mainGroup = 5F9D80DA1F4AE23400BC29A5;
			productRefGroup = 5F9D80E41F4AE23400BC29A5 /* Products */;
			projectDirPath = "";
			projectRoot = "";
			targets = (
				5F9D80E21F4AE23400BC29A5 /* gphone */,
				5F9D80FB1F4AE23400BC29A5 /* gphoneTests */,
			);
		};
/* End PBXProject section */

/* Begin PBXResourcesBuildPhase section */
		5F9D80E11F4AE23400BC29A5 /* Resources */ = {
			isa = PBXResourcesBuildPhase;
			buildActionMask = 2147483647;
			files = (
				5F9D80F61F4AE23400BC29A5 /* LaunchScreen.storyboard in Resources */,
				5F9D80F31F4AE23400BC29A5 /* Assets.xcassets in Resources */,
				5F9D80F11F4AE23400BC29A5 /* Main.storyboard in Resources */,
				5F73F3EB20AD87650086F3DD /* gphone_ring.caf in Resources */,
			);
			runOnlyForDeploymentPostprocessing = 0;
		};
		5F9D80FA1F4AE23400BC29A5 /* Resources */ = {
			isa = PBXResourcesBuildPhase;
			buildActionMask = 2147483647;
			files = (
			);
			runOnlyForDeploymentPostprocessing = 0;
		};
/* End PBXResourcesBuildPhase section */

/* Begin PBXSourcesBuildPhase section */
		5F9D80DF1F4AE23400BC29A5 /* Sources */ = {
			isa = PBXSourcesBuildPhase;
			buildActionMask = 2147483647;
			files = (
				5F9D80EE1F4AE23400BC29A5 /* ViewController.m in Sources */,
				5F9D80EB1F4AE23400BC29A5 /* AppDelegate.m in Sources */,
				5F73F3F120B018840086F3DD /* NotificationManager.m in Sources */,
				5F9D80E81F4AE23400BC29A5 /* main.m in Sources */,
				5F26AD1F202C274E00D713AD /* gdata.c in Sources */,
				5F73F3EE20B008670086F3DD /* PushkitManager.m in Sources */,
			);
			runOnlyForDeploymentPostprocessing = 0;
		};
		5F9D80F81F4AE23400BC29A5 /* Sources */ = {
			isa = PBXSourcesBuildPhase;
			buildActionMask = 2147483647;
			files = (
				5F9D81011F4AE23400BC29A5 /* gphoneTests.m in Sources */,
			);
			runOnlyForDeploymentPostprocessing = 0;
		};
/* End PBXSourcesBuildPhase section */

/* Begin PBXTargetDependency section */
		5F9D80FE1F4AE23400BC29A5 /* PBXTargetDependency */ = {
			isa = PBXTargetDependency;
			target = 5F9D80E21F4AE23400BC29A5 /* gphone */;
			targetProxy = 5F9D80FD1F4AE23400BC29A5 /* PBXContainerItemProxy */;
		};
/* End PBXTargetDependency section */

/* Begin PBXVariantGroup section */
		5F9D80EF1F4AE23400BC29A5 /* Main.storyboard */ = {
			isa = PBXVariantGroup;
			children = (
				5F9D80F01F4AE23400BC29A5 /* Base */,
			);
			name = Main.storyboard;
			sourceTree = "<group>";
		};
		5F9D80F41F4AE23400BC29A5 /* LaunchScreen.storyboard */ = {
			isa = PBXVariantGroup;
			children = (
				5F9D80F51F4AE23400BC29A5 /* Base */,
			);
			name = LaunchScreen.storyboard;
			sourceTree = "<group>";
		};
/* End PBXVariantGroup section */

/* Begin XCBuildConfiguration section */
		5F9D81031F4AE23400BC29A5 /* Debug */ = {
			isa = XCBuildConfiguration;
			buildSettings = {
				ALWAYS_SEARCH_USER_PATHS = NO;
				CLANG_ANALYZER_NONNULL = YES;
				CLANG_ANALYZER_NUMBER_OBJECT_CONVERSION = YES_AGGRESSIVE;
				CLANG_CXX_LANGUAGE_STANDARD = "gnu++0x";
				CLANG_CXX_LIBRARY = "libc++";
				CLANG_ENABLE_MODULES = YES;
				CLANG_ENABLE_OBJC_ARC = YES;
				CLANG_WARN_BLOCK_CAPTURE_AUTORELEASING = YES;
				CLANG_WARN_BOOL_CONVERSION = YES;
				CLANG_WARN_COMMA = YES;
				CLANG_WARN_CONSTANT_CONVERSION = YES;
				CLANG_WARN_DIRECT_OBJC_ISA_USAGE = YES_ERROR;
				CLANG_WARN_DOCUMENTATION_COMMENTS = YES;
				CLANG_WARN_EMPTY_BODY = YES;
				CLANG_WARN_ENUM_CONVERSION = YES;
				CLANG_WARN_INFINITE_RECURSION = YES;
				CLANG_WARN_INT_CONVERSION = YES;
				CLANG_WARN_NON_LITERAL_NULL_CONVERSION = YES;
				CLANG_WARN_OBJC_LITERAL_CONVERSION = YES;
				CLANG_WARN_OBJC_ROOT_CLASS = YES_ERROR;
				CLANG_WARN_RANGE_LOOP_ANALYSIS = YES;
				CLANG_WARN_STRICT_PROTOTYPES = YES;
				CLANG_WARN_SUSPICIOUS_MOVE = YES;
				CLANG_WARN_UNREACHABLE_CODE = YES;
				CLANG_WARN__DUPLICATE_METHOD_MATCH = YES;
				"CODE_SIGN_IDENTITY[sdk=iphoneos*]" = "iPhone Developer";
				COPY_PHASE_STRIP = NO;
				DEBUG_INFORMATION_FORMAT = dwarf;
				ENABLE_STRICT_OBJC_MSGSEND = YES;
				ENABLE_TESTABILITY = YES;
				GCC_C_LANGUAGE_STANDARD = gnu99;
				GCC_DYNAMIC_NO_PIC = NO;
				GCC_NO_COMMON_BLOCKS = YES;
				GCC_OPTIMIZATION_LEVEL = 0;
				GCC_PREPROCESSOR_DEFINITIONS = (
					"DEBUG=1",
					"$(inherited)",
				);
				GCC_WARN_64_TO_32_BIT_CONVERSION = YES;
				GCC_WARN_ABOUT_RETURN_TYPE = YES_ERROR;
				GCC_WARN_UNDECLARED_SELECTOR = YES;
				GCC_WARN_UNINITIALIZED_AUTOS = YES_AGGRESSIVE;
				GCC_WARN_UNUSED_FUNCTION = YES;
				GCC_WARN_UNUSED_VARIABLE = YES;
				IPHONEOS_DEPLOYMENT_TARGET = 10.3;
				MTL_ENABLE_DEBUG_INFO = YES;
				ONLY_ACTIVE_ARCH = YES;
				SDKROOT = iphoneos;
			};
			name = Debug;
		};
		5F9D81041F4AE23400BC29A5 /* Release */ = {
			isa = XCBuildConfiguration;
			buildSettings = {
				ALWAYS_SEARCH_USER_PATHS = NO;
				CLANG_ANALYZER_NONNULL = YES;
				CLANG_ANALYZER_NUMBER_OBJECT_CONVERSION = YES_AGGRESSIVE;
				CLANG_CXX_LANGUAGE_STANDARD = "gnu++0x";
				CLANG_CXX_LIBRARY = "libc++";
				CLANG_ENABLE_MODULES = YES;
				CLANG_ENABLE_OBJC_ARC = YES;
				CLANG_WARN_BLOCK_CAPTURE_AUTORELEASING = YES;
				CLANG_WARN_BOOL_CONVERSION = YES;
				CLANG_WARN_COMMA = YES;
				CLANG_WARN_CONSTANT_CONVERSION = YES;
				CLANG_WARN_DIRECT_OBJC_ISA_USAGE = YES_ERROR;
				CLANG_WARN_DOCUMENTATION_COMMENTS = YES;
				CLANG_WARN_EMPTY_BODY = YES;
				CLANG_WARN_ENUM_CONVERSION = YES;
				CLANG_WARN_INFINITE_RECURSION = YES;
				CLANG_WARN_INT_CONVERSION = YES;
				CLANG_WARN_NON_LITERAL_NULL_CONVERSION = YES;
				CLANG_WARN_OBJC_LITERAL_CONVERSION = YES;
				CLANG_WARN_OBJC_ROOT_CLASS = YES_ERROR;
				CLANG_WARN_RANGE_LOOP_ANALYSIS = YES;
				CLANG_WARN_STRICT_PROTOTYPES = YES;
				CLANG_WARN_SUSPICIOUS_MOVE = YES;
				CLANG_WARN_UNREACHABLE_CODE = YES;
				CLANG_WARN__DUPLICATE_METHOD_MATCH = YES;
				"CODE_SIGN_IDENTITY[sdk=iphoneos*]" = "iPhone Developer";
				COPY_PHASE_STRIP = NO;
				DEBUG_INFORMATION_FORMAT = "dwarf-with-dsym";
				ENABLE_NS_ASSERTIONS = NO;
				ENABLE_STRICT_OBJC_MSGSEND = YES;
				GCC_C_LANGUAGE_STANDARD = gnu99;
				GCC_NO_COMMON_BLOCKS = YES;
				GCC_WARN_64_TO_32_BIT_CONVERSION = YES;
				GCC_WARN_ABOUT_RETURN_TYPE = YES_ERROR;
				GCC_WARN_UNDECLARED_SELECTOR = YES;
				GCC_WARN_UNINITIALIZED_AUTOS = YES_AGGRESSIVE;
				GCC_WARN_UNUSED_FUNCTION = YES;
				GCC_WARN_UNUSED_VARIABLE = YES;
				IPHONEOS_DEPLOYMENT_TARGET = 10.3;
				MTL_ENABLE_DEBUG_INFO = NO;
				SDKROOT = iphoneos;
				VALIDATE_PRODUCT = YES;
			};
			name = Release;
		};
		5F9D81061F4AE23400BC29A5 /* Debug */ = {
			isa = XCBuildConfiguration;
			buildSettings = {
				ASSETCATALOG_COMPILER_APPICON_NAME = AppIcon;
				CODE_SIGN_ENTITLEMENTS = gphone/gphone.entitlements;
				"CODE_SIGN_IDENTITY[sdk=iphoneos*]" = "iPhone Developer";
				CODE_SIGN_STYLE = Automatic;
				DEVELOPMENT_TEAM = XF28H54YS2;
				INFOPLIST_FILE = gphone/Info.plist;
				IPHONEOS_DEPLOYMENT_TARGET = 11.2;
				LD_RUNPATH_SEARCH_PATHS = "$(inherited) @executable_path/Frameworks";
				LIBRARY_SEARCH_PATHS = /Users/lixs/galaxy/gapi/ios/lib;
				PRODUCT_BUNDLE_IDENTIFIER = com.zgot.gphone;
				PRODUCT_NAME = "$(TARGET_NAME)";
				PROVISIONING_PROFILE_SPECIFIER = "";
				USER_HEADER_SEARCH_PATHS = /Users/lixs/galaxy/gapi/ios/include;
			};
			name = Debug;
		};
		5F9D81071F4AE23400BC29A5 /* Release */ = {
			isa = XCBuildConfiguration;
			buildSettings = {
				ASSETCATALOG_COMPILER_APPICON_NAME = AppIcon;
				CODE_SIGN_ENTITLEMENTS = gphone/gphone.entitlements;
				"CODE_SIGN_IDENTITY[sdk=iphoneos*]" = "iPhone Developer";
				CODE_SIGN_STYLE = Automatic;
				DEVELOPMENT_TEAM = XF28H54YS2;
				INFOPLIST_FILE = gphone/Info.plist;
				IPHONEOS_DEPLOYMENT_TARGET = 11.2;
				LD_RUNPATH_SEARCH_PATHS = "$(inherited) @executable_path/Frameworks";
				LIBRARY_SEARCH_PATHS = /Users/lixs/galaxy/gapi/ios/lib;
				PRODUCT_BUNDLE_IDENTIFIER = com.zgot.gphone;
				PRODUCT_NAME = "$(TARGET_NAME)";
				PROVISIONING_PROFILE_SPECIFIER = "";
				USER_HEADER_SEARCH_PATHS = /Users/lixs/galaxy/gapi/ios/include;
			};
			name = Release;
		};
		5F9D81091F4AE23400BC29A5 /* Debug */ = {
			isa = XCBuildConfiguration;
			buildSettings = {
				BUNDLE_LOADER = "$(TEST_HOST)";
				INFOPLIST_FILE = gphoneTests/Info.plist;
				LD_RUNPATH_SEARCH_PATHS = "$(inherited) @executable_path/Frameworks @loader_path/Frameworks";
				PRODUCT_BUNDLE_IDENTIFIER = com.zgot.gphoneTests;
				PRODUCT_NAME = "$(TARGET_NAME)";
				TEST_HOST = "$(BUILT_PRODUCTS_DIR)/gphone.app/gphone";
			};
			name = Debug;
		};
		5F9D810A1F4AE23400BC29A5 /* Release */ = {
			isa = XCBuildConfiguration;
			buildSettings = {
				BUNDLE_LOADER = "$(TEST_HOST)";
				INFOPLIST_FILE = gphoneTests/Info.plist;
				LD_RUNPATH_SEARCH_PATHS = "$(inherited) @executable_path/Frameworks @loader_path/Frameworks";
				PRODUCT_BUNDLE_IDENTIFIER = com.zgot.gphoneTests;
				PRODUCT_NAME = "$(TARGET_NAME)";
				TEST_HOST = "$(BUILT_PRODUCTS_DIR)/gphone.app/gphone";
			};
			name = Release;
		};
/* End XCBuildConfiguration section */

/* Begin XCConfigurationList section */
		5F9D80DE1F4AE23400BC29A5 /* Build configuration list for PBXProject "gphone" */ = {
			isa = XCConfigurationList;
			buildConfigurations = (
				5F9D81031F4AE23400BC29A5 /* Debug */,
				5F9D81041F4AE23400BC29A5 /* Release */,
			);
			defaultConfigurationIsVisible = 0;
			defaultConfigurationName = Release;
		};
		5F9D81051F4AE23400BC29A5 /* Build configuration list for PBXNativeTarget "gphone" */ = {
			isa = XCConfigurationList;
			buildConfigurations = (
				5F9D81061F4AE23400BC29A5 /* Debug */,
				5F9D81071F4AE23400BC29A5 /* Release */,
			);
			defaultConfigurationIsVisible = 0;
			defaultConfigurationName = Release;
		};
		5F9D81081F4AE23400BC29A5 /* Build configuration list for PBXNativeTarget "gphoneTests" */ = {
			isa = XCConfigurationList;
			buildConfigurations = (
				5F9D81091F4AE23400BC29A5 /* Debug */,
				5F9D810A1F4AE23400BC29A5 /* Release */,
			);
			defaultConfigurationIsVisible = 0;
			defaultConfigurationName = Release;
		};
/* End XCConfigurationList section */
	};
	rootObject = 5F9D80DB1F4AE23400BC29A5 /* Project object */;
}
